// !$*UTF8*$!
{
	archiveVersion = 1;
	classes = {
	};
	objectVersion = 46;
	objects = {

/* Begin PBXBuildFile section */
		866623B41CFC868A00992BD8 /* AppDelegate.swift in Sources */ = {isa = PBXBuildFile; fileRef = 866623B31CFC868A00992BD8 /* AppDelegate.swift */; };
		866623B61CFC868A00992BD8 /* ViewController.swift in Sources */ = {isa = PBXBuildFile; fileRef = 866623B51CFC868A00992BD8 /* ViewController.swift */; };
		866623B81CFC868A00992BD8 /* Assets.xcassets in Resources */ = {isa = PBXBuildFile; fileRef = 866623B71CFC868A00992BD8 /* Assets.xcassets */; };
		866623BB1CFC868A00992BD8 /* Main.storyboard in Resources */ = {isa = PBXBuildFile; fileRef = 866623B91CFC868A00992BD8 /* Main.storyboard */; };
		866623C61CFC868B00992BD8 /* LanguageManagerTests.swift in Sources */ = {isa = PBXBuildFile; fileRef = 866623C51CFC868B00992BD8 /* LanguageManagerTests.swift */; };
		866623D11CFC868B00992BD8 /* LanguageManagerUITests.swift in Sources */ = {isa = PBXBuildFile; fileRef = 866623D01CFC868B00992BD8 /* LanguageManagerUITests.swift */; };
/* End PBXBuildFile section */

/* Begin PBXContainerItemProxy section */
		866623C21CFC868B00992BD8 /* PBXContainerItemProxy */ = {
			isa = PBXContainerItemProxy;
			containerPortal = 866623A81CFC868A00992BD8 /* Project object */;
			proxyType = 1;
			remoteGlobalIDString = 866623AF1CFC868A00992BD8;
			remoteInfo = LanguageManager;
		};
		866623CD1CFC868B00992BD8 /* PBXContainerItemProxy */ = {
			isa = PBXContainerItemProxy;
			containerPortal = 866623A81CFC868A00992BD8 /* Project object */;
			proxyType = 1;
			remoteGlobalIDString = 866623AF1CFC868A00992BD8;
			remoteInfo = LanguageManager;
		};
/* End PBXContainerItemProxy section */

/* Begin PBXFileReference section */
		866623B01CFC868A00992BD8 /* LanguageManager.app */ = {isa = PBXFileReference; explicitFileType = wrapper.application; includeInIndex = 0; path = LanguageManager.app; sourceTree = BUILT_PRODUCTS_DIR; };
		866623B31CFC868A00992BD8 /* AppDelegate.swift */ = {isa = PBXFileReference; lastKnownFileType = sourcecode.swift; path = AppDelegate.swift; sourceTree = "<group>"; };
		866623B51CFC868A00992BD8 /* ViewController.swift */ = {isa = PBXFileReference; lastKnownFileType = sourcecode.swift; path = ViewController.swift; sourceTree = "<group>"; };
		866623B71CFC868A00992BD8 /* Assets.xcassets */ = {isa = PBXFileReference; lastKnownFileType = folder.assetcatalog; path = Assets.xcassets; sourceTree = "<group>"; };
		866623BA1CFC868A00992BD8 /* Base */ = {isa = PBXFileReference; lastKnownFileType = file.storyboard; name = Base; path = Base.lproj/Main.storyboard; sourceTree = "<group>"; };
		866623BC1CFC868A00992BD8 /* Info.plist */ = {isa = PBXFileReference; lastKnownFileType = text.plist.xml; path = Info.plist; sourceTree = "<group>"; };
		866623C11CFC868B00992BD8 /* LanguageManagerTests.xctest */ = {isa = PBXFileReference; explicitFileType = wrapper.cfbundle; includeInIndex = 0; path = LanguageManagerTests.xctest; sourceTree = BUILT_PRODUCTS_DIR; };
		866623C51CFC868B00992BD8 /* LanguageManagerTests.swift */ = {isa = PBXFileReference; lastKnownFileType = sourcecode.swift; path = LanguageManagerTests.swift; sourceTree = "<group>"; };
		866623C71CFC868B00992BD8 /* Info.plist */ = {isa = PBXFileReference; lastKnownFileType = text.plist.xml; path = Info.plist; sourceTree = "<group>"; };
		866623CC1CFC868B00992BD8 /* LanguageManagerUITests.xctest */ = {isa = PBXFileReference; explicitFileType = wrapper.cfbundle; includeInIndex = 0; path = LanguageManagerUITests.xctest; sourceTree = BUILT_PRODUCTS_DIR; };
		866623D01CFC868B00992BD8 /* LanguageManagerUITests.swift */ = {isa = PBXFileReference; lastKnownFileType = sourcecode.swift; path = LanguageManagerUITests.swift; sourceTree = "<group>"; };
		866623D21CFC868B00992BD8 /* Info.plist */ = {isa = PBXFileReference; lastKnownFileType = text.plist.xml; path = Info.plist; sourceTree = "<group>"; };
/* End PBXFileReference section */

/* Begin PBXFrameworksBuildPhase section */
		866623AD1CFC868A00992BD8 /* Frameworks */ = {
			isa = PBXFrameworksBuildPhase;
			buildActionMask = 2147483647;
			files = (
			);
			runOnlyForDeploymentPostprocessing = 0;
		};
		866623BE1CFC868B00992BD8 /* Frameworks */ = {
			isa = PBXFrameworksBuildPhase;
			buildActionMask = 2147483647;
			files = (
			);
			runOnlyForDeploymentPostprocessing = 0;
		};
		866623C91CFC868B00992BD8 /* Frameworks */ = {
			isa = PBXFrameworksBuildPhase;
			buildActionMask = 2147483647;
			files = (
			);
			runOnlyForDeploymentPostprocessing = 0;
		};
/* End PBXFrameworksBuildPhase section */

/* Begin PBXGroup section */
		866623A71CFC868A00992BD8 = {
			isa = PBXGroup;
			children = (
				866623B21CFC868A00992BD8 /* LanguageManager */,
				866623C41CFC868B00992BD8 /* LanguageManagerTests */,
				866623CF1CFC868B00992BD8 /* LanguageManagerUITests */,
				866623B11CFC868A00992BD8 /* Products */,
			);
			sourceTree = "<group>";
		};
		866623B11CFC868A00992BD8 /* Products */ = {
			isa = PBXGroup;
			children = (
				866623B01CFC868A00992BD8 /* LanguageManager.app */,
				866623C11CFC868B00992BD8 /* LanguageManagerTests.xctest */,
				866623CC1CFC868B00992BD8 /* LanguageManagerUITests.xctest */,
			);
			name = Products;
			sourceTree = "<group>";
		};
		866623B21CFC868A00992BD8 /* LanguageManager */ = {
			isa = PBXGroup;
			children = (
				866623B31CFC868A00992BD8 /* AppDelegate.swift */,
				866623B51CFC868A00992BD8 /* ViewController.swift */,
				866623B71CFC868A00992BD8 /* Assets.xcassets */,
				866623B91CFC868A00992BD8 /* Main.storyboard */,
				866623BC1CFC868A00992BD8 /* Info.plist */,
			);
			path = LanguageManager;
			sourceTree = "<group>";
		};
		866623C41CFC868B00992BD8 /* LanguageManagerTests */ = {
			isa = PBXGroup;
			children = (
				866623C51CFC868B00992BD8 /* LanguageManagerTests.swift */,
				866623C71CFC868B00992BD8 /* Info.plist */,
			);
			path = LanguageManagerTests;
			sourceTree = "<group>";
		};
		866623CF1CFC868B00992BD8 /* LanguageManagerUITests */ = {
			isa = PBXGroup;
			children = (
				866623D01CFC868B00992BD8 /* LanguageManagerUITests.swift */,
				866623D21CFC868B00992BD8 /* Info.plist */,
			);
			path = LanguageManagerUITests;
			sourceTree = "<group>";
		};
/* End PBXGroup section */

/* Begin PBXNativeTarget section */
		866623AF1CFC868A00992BD8 /* LanguageManager */ = {
			isa = PBXNativeTarget;
			buildConfigurationList = 866623D51CFC868B00992BD8 /* Build configuration list for PBXNativeTarget "LanguageManager" */;
			buildPhases = (
				866623AC1CFC868A00992BD8 /* Sources */,
				866623AD1CFC868A00992BD8 /* Frameworks */,
				866623AE1CFC868A00992BD8 /* Resources */,
			);
			buildRules = (
			);
			dependencies = (
			);
			name = LanguageManager;
			productName = LanguageManager;
			productReference = 866623B01CFC868A00992BD8 /* LanguageManager.app */;
			productType = "com.apple.product-type.application";
		};
		866623C01CFC868B00992BD8 /* LanguageManagerTests */ = {
			isa = PBXNativeTarget;
			buildConfigurationList = 866623D81CFC868B00992BD8 /* Build configuration list for PBXNativeTarget "LanguageManagerTests" */;
			buildPhases = (
				866623BD1CFC868B00992BD8 /* Sources */,
				866623BE1CFC868B00992BD8 /* Frameworks */,
				866623BF1CFC868B00992BD8 /* Resources */,
			);
			buildRules = (
			);
			dependencies = (
				866623C31CFC868B00992BD8 /* PBXTargetDependency */,
			);
			name = LanguageManagerTests;
			productName = LanguageManagerTests;
			productReference = 866623C11CFC868B00992BD8 /* LanguageManagerTests.xctest */;
			productType = "com.apple.product-type.bundle.unit-test";
		};
		866623CB1CFC868B00992BD8 /* LanguageManagerUITests */ = {
			isa = PBXNativeTarget;
			buildConfigurationList = 866623DB1CFC868B00992BD8 /* Build configuration list for PBXNativeTarget "LanguageManagerUITests" */;
			buildPhases = (
				866623C81CFC868B00992BD8 /* Sources */,
				866623C91CFC868B00992BD8 /* Frameworks */,
				866623CA1CFC868B00992BD8 /* Resources */,
			);
			buildRules = (
			);
			dependencies = (
				866623CE1CFC868B00992BD8 /* PBXTargetDependency */,
			);
			name = LanguageManagerUITests;
			productName = LanguageManagerUITests;
			productReference = 866623CC1CFC868B00992BD8 /* LanguageManagerUITests.xctest */;
			productType = "com.apple.product-type.bundle.ui-testing";
		};
/* End PBXNativeTarget section */

/* Begin PBXProject section */
		866623A81CFC868A00992BD8 /* Project object */ = {
			isa = PBXProject;
			attributes = {
				LastSwiftUpdateCheck = 0730;
				LastUpgradeCheck = 0730;
				ORGANIZATIONNAME = bruce;
				TargetAttributes = {
					866623AF1CFC868A00992BD8 = {
						CreatedOnToolsVersion = 7.3.1;
					};
					866623C01CFC868B00992BD8 = {
						CreatedOnToolsVersion = 7.3.1;
						TestTargetID = 866623AF1CFC868A00992BD8;
					};
					866623CB1CFC868B00992BD8 = {
						CreatedOnToolsVersion = 7.3.1;
						TestTargetID = 866623AF1CFC868A00992BD8;
					};
				};
			};
			buildConfigurationList = 866623AB1CFC868A00992BD8 /* Build configuration list for PBXProject "LanguageManager" */;
			compatibilityVersion = "Xcode 3.2";
			developmentRegion = English;
			hasScannedForEncodings = 0;
			knownRegions = (
				en,
				Base,
			);
			mainGroup = 866623A71CFC868A00992BD8;
			productRefGroup = 866623B11CFC868A00992BD8 /* Products */;
			projectDirPath = "";
			projectRoot = "";
			targets = (
				866623AF1CFC868A00992BD8 /* LanguageManager */,
				866623C01CFC868B00992BD8 /* LanguageManagerTests */,
				866623CB1CFC868B00992BD8 /* LanguageManagerUITests */,
			);
		};
/* End PBXProject section */

/* Begin PBXResourcesBuildPhase section */
		866623AE1CFC868A00992BD8 /* Resources */ = {
			isa = PBXResourcesBuildPhase;
			buildActionMask = 2147483647;
			files = (
				866623B81CFC868A00992BD8 /* Assets.xcassets in Resources */,
				866623BB1CFC868A00992BD8 /* Main.storyboard in Resources */,
			);
			runOnlyForDeploymentPostprocessing = 0;
		};
		866623BF1CFC868B00992BD8 /* Resources */ = {
			isa = PBXResourcesBuildPhase;
			buildActionMask = 2147483647;
			files = (
			);
			runOnlyForDeploymentPostprocessing = 0;
		};
		866623CA1CFC868B00992BD8 /* Resources */ = {
			isa = PBXResourcesBuildPhase;
			buildActionMask = 2147483647;
			files = (
			);
			runOnlyForDeploymentPostprocessing = 0;
		};
/* End PBXResourcesBuildPhase section */

/* Begin PBXSourcesBuildPhase section */
		866623AC1CFC868A00992BD8 /* Sources */ = {
			isa = PBXSourcesBuildPhase;
			buildActionMask = 2147483647;
			files = (
				866623B61CFC868A00992BD8 /* ViewController.swift in Sources */,
				866623B41CFC868A00992BD8 /* AppDelegate.swift in Sources */,
			);
			runOnlyForDeploymentPostprocessing = 0;
		};
		866623BD1CFC868B00992BD8 /* Sources */ = {
			isa = PBXSourcesBuildPhase;
			buildActionMask = 2147483647;
			files = (
				866623C61CFC868B00992BD8 /* LanguageManagerTests.swift in Sources */,
			);
			runOnlyForDeploymentPostprocessing = 0;
		};
		866623C81CFC868B00992BD8 /* Sources */ = {
			isa = PBXSourcesBuildPhase;
			buildActionMask = 2147483647;
			files = (
				866623D11CFC868B00992BD8 /* LanguageManagerUITests.swift in Sources */,
			);
			runOnlyForDeploymentPostprocessing = 0;
		};
/* End PBXSourcesBuildPhase section */

/* Begin PBXTargetDependency section */
		866623C31CFC868B00992BD8 /* PBXTargetDependency */ = {
			isa = PBXTargetDependency;
			target = 866623AF1CFC868A00992BD8 /* LanguageManager */;
			targetProxy = 866623C21CFC868B00992BD8 /* PBXContainerItemProxy */;
		};
		866623CE1CFC868B00992BD8 /* PBXTargetDependency */ = {
			isa = PBXTargetDependency;
			target = 866623AF1CFC868A00992BD8 /* LanguageManager */;
			targetProxy = 866623CD1CFC868B00992BD8 /* PBXContainerItemProxy */;
		};
/* End PBXTargetDependency section */

/* Begin PBXVariantGroup section */
		866623B91CFC868A00992BD8 /* Main.storyboard */ = {
			isa = PBXVariantGroup;
			children = (
				866623BA1CFC868A00992BD8 /* Base */,
			);
			name = Main.storyboard;
			sourceTree = "<group>";
		};
/* End PBXVariantGroup section */

/* Begin XCBuildConfiguration section */
		866623D31CFC868B00992BD8 /* Debug */ = {
			isa = XCBuildConfiguration;
			buildSettings = {
				ALWAYS_SEARCH_USER_PATHS = NO;
				CLANG_ANALYZER_NONNULL = YES;
				CLANG_CXX_LANGUAGE_STANDARD = "gnu++0x";
				CLANG_CXX_LIBRARY = "libc++";
				CLANG_ENABLE_MODULES = YES;
				CLANG_ENABLE_OBJC_ARC = YES;
				CLANG_WARN_BOOL_CONVERSION = YES;
				CLANG_WARN_CONSTANT_CONVERSION = YES;
				CLANG_WARN_DIRECT_OBJC_ISA_USAGE = YES_ERROR;
				CLANG_WARN_EMPTY_BODY = YES;
				CLANG_WARN_ENUM_CONVERSION = YES;
				CLANG_WARN_INT_CONVERSION = YES;
				CLANG_WARN_OBJC_ROOT_CLASS = YES_ERROR;
				CLANG_WARN_UNREACHABLE_CODE = YES;
				CLANG_WARN__DUPLICATE_METHOD_MATCH = YES;
				CODE_SIGN_IDENTITY = "-";
				COPY_PHASE_STRIP = NO;
				DEBUG_INFORMATION_FORMAT = dwarf;
				ENABLE_STRICT_OBJC_MSGSEND = YES;
				ENABLE_TESTABILITY = YES;
				GCC_C_LANGUAGE_STANDARD = gnu99;
				GCC_DYNAMIC_NO_PIC = NO;
				GCC_NO_COMMON_BLOCKS = YES;
				GCC_OPTIMIZATION_LEVEL = 0;
				GCC_PREPROCESSOR_DEFINITIONS = (
					"DEBUG=1",
					"$(inherited)",
				);
				GCC_WARN_64_TO_32_BIT_CONVERSION = YES;
				GCC_WARN_ABOUT_RETURN_TYPE = YES_ERROR;
				GCC_WARN_UNDECLARED_SELECTOR = YES;
				GCC_WARN_UNINITIALIZED_AUTOS = YES_AGGRESSIVE;
				GCC_WARN_UNUSED_FUNCTION = YES;
				GCC_WARN_UNUSED_VARIABLE = YES;
				MACOSX_DEPLOYMENT_TARGET = 10.11;
				MTL_ENABLE_DEBUG_INFO = YES;
				ONLY_ACTIVE_ARCH = YES;
				SDKROOT = macosx;
				SWIFT_OPTIMIZATION_LEVEL = "-Onone";
			};
			name = Debug;
		};
		866623D41CFC868B00992BD8 /* Release */ = {
			isa = XCBuildConfiguration;
			buildSettings = {
				ALWAYS_SEARCH_USER_PATHS = NO;
				CLANG_ANALYZER_NONNULL = YES;
				CLANG_CXX_LANGUAGE_STANDARD = "gnu++0x";
				CLANG_CXX_LIBRARY = "libc++";
				CLANG_ENABLE_MODULES = YES;
				CLANG_ENABLE_OBJC_ARC = YES;
				CLANG_WARN_BOOL_CONVERSION = YES;
				CLANG_WARN_CONSTANT_CONVERSION = YES;
				CLANG_WARN_DIRECT_OBJC_ISA_USAGE = YES_ERROR;
				CLANG_WARN_EMPTY_BODY = YES;
				CLANG_WARN_ENUM_CONVERSION = YES;
				CLANG_WARN_INT_CONVERSION = YES;
				CLANG_WARN_OBJC_ROOT_CLASS = YES_ERROR;
				CLANG_WARN_UNREACHABLE_CODE = YES;
				CLANG_WARN__DUPLICATE_METHOD_MATCH = YES;
				CODE_SIGN_IDENTITY = "-";
				COPY_PHASE_STRIP = NO;
				DEBUG_INFORMATION_FORMAT = "dwarf-with-dsym";
				ENABLE_NS_ASSERTIONS = NO;
				ENABLE_STRICT_OBJC_MSGSEND = YES;
				GCC_C_LANGUAGE_STANDARD = gnu99;
				GCC_NO_COMMON_BLOCKS = YES;
				GCC_WARN_64_TO_32_BIT_CONVERSION = YES;
				GCC_WARN_ABOUT_RETURN_TYPE = YES_ERROR;
				GCC_WARN_UNDECLARED_SELECTOR = YES;
				GCC_WARN_UNINITIALIZED_AUTOS = YES_AGGRESSIVE;
				GCC_WARN_UNUSED_FUNCTION = YES;
				GCC_WARN_UNUSED_VARIABLE = YES;
				MACOSX_DEPLOYMENT_TARGET = 10.11;
				MTL_ENABLE_DEBUG_INFO = NO;
				SDKROOT = macosx;
			};
			name = Release;
		};
		866623D61CFC868B00992BD8 /* Debug */ = {
			isa = XCBuildConfiguration;
			buildSettings = {
				ASSETCATALOG_COMPILER_APPICON_NAME = AppIcon;
				COMBINE_HIDPI_IMAGES = YES;
				INFOPLIST_FILE = LanguageManager/Info.plist;
				LD_RUNPATH_SEARCH_PATHS = "$(inherited) @executable_path/../Frameworks";
				PRODUCT_BUNDLE_IDENTIFIER = com.sean.LanguageManager;
				PRODUCT_NAME = "$(TARGET_NAME)";
			};
			name = Debug;
		};
		866623D71CFC868B00992BD8 /* Release */ = {
			isa = XCBuildConfiguration;
			buildSettings = {
				ASSETCATALOG_COMPILER_APPICON_NAME = AppIcon;
				COMBINE_HIDPI_IMAGES = YES;
				INFOPLIST_FILE = LanguageManager/Info.plist;
				LD_RUNPATH_SEARCH_PATHS = "$(inherited) @executable_path/../Frameworks";
				PRODUCT_BUNDLE_IDENTIFIER = com.sean.LanguageManager;
				PRODUCT_NAME = "$(TARGET_NAME)";
			};
			name = Release;
		};
		866623D91CFC868B00992BD8 /* Debug */ = {
			isa = XCBuildConfiguration;
			buildSettings = {
				BUNDLE_LOADER = "$(TEST_HOST)";
				COMBINE_HIDPI_IMAGES = YES;
				INFOPLIST_FILE = LanguageManagerTests/Info.plist;
				LD_RUNPATH_SEARCH_PATHS = "$(inherited) @executable_path/../Frameworks @loader_path/../Frameworks";
				PRODUCT_BUNDLE_IDENTIFIER = com.sean.LanguageManagerTests;
				PRODUCT_NAME = "$(TARGET_NAME)";
				TEST_HOST = "$(BUILT_PRODUCTS_DIR)/LanguageManager.app/Contents/MacOS/LanguageManager";
			};
			name = Debug;
		};
		866623DA1CFC868B00992BD8 /* Release */ = {
			isa = XCBuildConfiguration;
			buildSettings = {
				BUNDLE_LOADER = "$(TEST_HOST)";
				COMBINE_HIDPI_IMAGES = YES;
				INFOPLIST_FILE = LanguageManagerTests/Info.plist;
				LD_RUNPATH_SEARCH_PATHS = "$(inherited) @executable_path/../Frameworks @loader_path/../Frameworks";
				PRODUCT_BUNDLE_IDENTIFIER = com.sean.LanguageManagerTests;
				PRODUCT_NAME = "$(TARGET_NAME)";
				TEST_HOST = "$(BUILT_PRODUCTS_DIR)/LanguageManager.app/Contents/MacOS/LanguageManager";
			};
			name = Release;
		};
		866623DC1CFC868B00992BD8 /* Debug */ = {
			isa = XCBuildConfiguration;
			buildSettings = {
				COMBINE_HIDPI_IMAGES = YES;
				INFOPLIST_FILE = LanguageManagerUITests/Info.plist;
				LD_RUNPATH_SEARCH_PATHS = "$(inherited) @executable_path/../Frameworks @loader_path/../Frameworks";
				PRODUCT_BUNDLE_IDENTIFIER = com.sean.LanguageManagerUITests;
				PRODUCT_NAME = "$(TARGET_NAME)";
				TEST_TARGET_NAME = LanguageManager;
			};
			name = Debug;
		};
		866623DD1CFC868B00992BD8 /* Release */ = {
			isa = XCBuildConfiguration;
			buildSettings = {
				COMBINE_HIDPI_IMAGES = YES;
				INFOPLIST_FILE = LanguageManagerUITests/Info.plist;
				LD_RUNPATH_SEARCH_PATHS = "$(inherited) @executable_path/../Frameworks @loader_path/../Frameworks";
				PRODUCT_BUNDLE_IDENTIFIER = com.sean.LanguageManagerUITests;
				PRODUCT_NAME = "$(TARGET_NAME)";
				TEST_TARGET_NAME = LanguageManager;
			};
			name = Release;
		};
/* End XCBuildConfiguration section */

/* Begin XCConfigurationList section */
		866623AB1CFC868A00992BD8 /* Build configuration list for PBXProject "LanguageManager" */ = {
			isa = XCConfigurationList;
			buildConfigurations = (
				866623D31CFC868B00992BD8 /* Debug */,
				866623D41CFC868B00992BD8 /* Release */,
			);
			defaultConfigurationIsVisible = 0;
			defaultConfigurationName = Release;
		};
		866623D51CFC868B00992BD8 /* Build configuration list for PBXNativeTarget "LanguageManager" */ = {
			isa = XCConfigurationList;
			buildConfigurations = (
				866623D61CFC868B00992BD8 /* Debug */,
				866623D71CFC868B00992BD8 /* Release */,
			);
			defaultConfigurationIsVisible = 0;
		};
		866623D81CFC868B00992BD8 /* Build configuration list for PBXNativeTarget "LanguageManagerTests" */ = {
			isa = XCConfigurationList;
			buildConfigurations = (
				866623D91CFC868B00992BD8 /* Debug */,
				866623DA1CFC868B00992BD8 /* Release */,
			);
			defaultConfigurationIsVisible = 0;
		};
		866623DB1CFC868B00992BD8 /* Build configuration list for PBXNativeTarget "LanguageManagerUITests" */ = {
			isa = XCConfigurationList;
			buildConfigurations = (
				866623DC1CFC868B00992BD8 /* Debug */,
				866623DD1CFC868B00992BD8 /* Release */,
			);
			defaultConfigurationIsVisible = 0;
		};
/* End XCConfigurationList section */
	};
	rootObject = 866623A81CFC868A00992BD8 /* Project object */;
}
